
Microsoft Visual Studio Solution File, Format Version 12.00
# Visual Studio Version 16
VisualStudioVersion = 16.0.30002.166
MinimumVisualStudioVersion = 10.0.40219.1
Project("{FAE04EC0-301F-11D3-BF4B-00C04F79EFBC}") = "Study", "Study\Study.csproj", "{38070E59-5306-4F56-BD34-9E41665E388A}"
EndProject
Global
	GlobalSection(SolutionConfigurationPlatforms) = preSolution
		Debug|Any CPU = Debug|Any CPU
		Release|Any CPU = Release|Any CPU
	EndGlobalSection
	GlobalSection(ProjectConfigurationPlatforms) = postSolution
		{38070E59-5306-4F56-BD34-9E41665E388A}.Debug|Any CPU.ActiveCfg = Debug|Any CPU
		{38070E59-5306-4F56-BD34-9E41665E388A}.Debug|Any CPU.Build.0 = Debug|Any CPU
		{38070E59-5306-4F56-BD34-9E41665E388A}.Release|Any CPU.ActiveCfg = Release|Any CPU
		{38070E59-5306-4F56-BD34-9E41665E388A}.Release|Any CPU.Build.0 = Release|Any CPU
	EndGlobalSection
	GlobalSection(SolutionProperties) = preSolution
		HideSolutionNode = FALSE
	EndGlobalSection
	GlobalSection(ExtensibilityGlobals) = postSolution
		SolutionGuid = {CB3FA173-B9FE-4EF3-8DDF-EB53263CC270}
	EndGlobalSection
EndGlobal
